{
  "pins" : [
    {
      "identity" : "keyboardshortcuts",
      "kind" : "remoteSourceControl",
      "location" : "https://github.com/sindresorhus/KeyboardShortcuts",
      "state" : {
        "revision" : "7ecc38bb6edf7d087d30e737057b8d8a9b7f51eb",
        "version" : "2.2.4"
      }
    }
  ],
  "version" : 2
}
